{
  "name": "erc20-dex",
  "version": "1.0.0",
  "lockfileVersion": 2,
  "requires": true,
  "packages": {
    "": {
      "name": "erc20-dex",
      "version": "1.0.0",
      "license": "ISC",
      "dependencies": {
        "@daonomic/tests-common": "^0.2.2",
        "@openzeppelin/contracts": "^4.7.3"
      }
    },
    "node_modules/@daonomic/tests-common": {
      "version": "0.2.2",
      "resolved": "https://registry.npmjs.org/@daonomic/tests-common/-/tests-common-0.2.2.tgz",
      "integrity": "sha512-BIP5bYvmeVyZxE67cidhqudNC5xs5cU65aN14j6ySDCjBDhcA6RjF/ufTnxzAJ+OIxh5jQipdKtX5P9KFFGpmw=="
    },
    "node_modules/@openzeppelin/contracts": {
      "version": "4.7.3",
      "resolved": "https://registry.npmjs.org/@openzeppelin/contracts/-/contracts-4.7.3.tgz",
      "integrity": "sha512-dGRS0agJzu8ybo44pCIf3xBaPQN/65AIXNgK8+4gzKd5kbvlqyxryUYVLJv7fK98Seyd2hDZzVEHSWAh0Bt1Yw=="
    }
  },
  "dependencies": {
    "@daonomic/tests-common": {
      "version": "0.2.2",
      "resolved": "https://registry.npmjs.org/@daonomic/tests-common/-/tests-common-0.2.2.tgz",
      "integrity": "sha512-BIP5bYvmeVyZxE67cidhqudNC5xs5cU65aN14j6ySDCjBDhcA6RjF/ufTnxzAJ+OIxh5jQipdKtX5P9KFFGpmw=="
    },
    "@openzeppelin/contracts": {
      "version": "4.7.3",
      "resolved": "https://registry.npmjs.org/@openzeppelin/contracts/-/contracts-4.7.3.tgz",
      "integrity": "sha512-dGRS0agJzu8ybo44pCIf3xBaPQN/65AIXNgK8+4gzKd5kbvlqyxryUYVLJv7fK98Seyd2hDZzVEHSWAh0Bt1Yw=="
    }
  }
}
